
Microsoft Visual Studio Solution File, Format Version 12.00
# Visual Studio Version 17
VisualStudioVersion = 17.7.34031.279
MinimumVisualStudioVersion = 10.0.40219.1
Project("{9A19103F-16F7-4668-BE54-9A1E7A4F7556}") = "Chess Project", "Chess Project.csproj", "{7117203D-4F80-4413-82BB-C431330080E8}"
EndProject
Project("{2150E333-8FDC-42A3-9474-1A3956D46DE8}") = "Solution Items", "Solution Items", "{32DC6C5B-6402-4AA7-8027-94182172DBF7}"
	ProjectSection(SolutionItems) = preProject
		GameOver.cs = GameOver.cs
	EndProjectSection
EndProject
Global
	GlobalSection(SolutionConfigurationPlatforms) = preSolution
		Debug|Any CPU = Debug|Any CPU
		Release|Any CPU = Release|Any CPU
	EndGlobalSection
	GlobalSection(ProjectConfigurationPlatforms) = postSolution
		{7117203D-4F80-4413-82BB-C431330080E8}.Debug|Any CPU.ActiveCfg = Debug|Any CPU
		{7117203D-4F80-4413-82BB-C431330080E8}.Debug|Any CPU.Build.0 = Debug|Any CPU
		{7117203D-4F80-4413-82BB-C431330080E8}.Release|Any CPU.ActiveCfg = Release|Any CPU
		{7117203D-4F80-4413-82BB-C431330080E8}.Release|Any CPU.Build.0 = Release|Any CPU
	EndGlobalSection
	GlobalSection(SolutionProperties) = preSolution
		HideSolutionNode = FALSE
	EndGlobalSection
	GlobalSection(ExtensibilityGlobals) = postSolution
		SolutionGuid = {76DA242F-2E14-4866-9775-D741E29FD580}
	EndGlobalSection
EndGlobal
